
Microsoft Visual Studio Solution File, Format Version 12.00
# Visual Studio 15
VisualStudioVersion = 15.0.27703.2000
MinimumVisualStudioVersion = 10.0.40219.1
Project("{FAE04EC0-301F-11D3-BF4B-00C04F79EFBC}") = "OSXample.Android", "OSXample\OSXample.Android\OSXample.Android.csproj", "{F23B8FE7-E8A9-4392-B988-368084CD4754}"
EndProject
Project("{FAE04EC0-301F-11D3-BF4B-00C04F79EFBC}") = "OSXample.iOS", "OSXample\OSXample.iOS\OSXample.iOS.csproj", "{CCC20745-E633-4652-BA0C-34946301337B}"
EndProject
Project("{FAE04EC0-301F-11D3-BF4B-00C04F79EFBC}") = "OSXample", "OSXample\OSXample\OSXample.csproj", "{A41C1E9E-B076-4CDE-9778-88D7D03D91E8}"
EndProject
Global
	GlobalSection(SolutionConfigurationPlatforms) = preSolution
		Ad-Hoc|Any CPU = Ad-Hoc|Any CPU
		Ad-Hoc|iPhone = Ad-Hoc|iPhone
		Ad-Hoc|iPhoneSimulator = Ad-Hoc|iPhoneSimulator
		AppStore|Any CPU = AppStore|Any CPU
		AppStore|iPhone = AppStore|iPhone
		AppStore|iPhoneSimulator = AppStore|iPhoneSimulator
		Debug|Any CPU = Debug|Any CPU
		Debug|iPhone = Debug|iPhone
		Debug|iPhoneSimulator = Debug|iPhoneSimulator
		Release|Any CPU = Release|Any CPU
		Release|iPhone = Release|iPhone
		Release|iPhoneSimulator = Release|iPhoneSimulator
	EndGlobalSection
	GlobalSection(ProjectConfigurationPlatforms) = postSolution
		{F23B8FE7-E8A9-4392-B988-368084CD4754}.Ad-Hoc|Any CPU.ActiveCfg = Release|Any CPU
		{F23B8FE7-E8A9-4392-B988-368084CD4754}.Ad-Hoc|Any CPU.Build.0 = Release|Any CPU
		{F23B8FE7-E8A9-4392-B988-368084CD4754}.Ad-Hoc|Any CPU.Deploy.0 = Release|Any CPU
		{F23B8FE7-E8A9-4392-B988-368084CD4754}.Ad-Hoc|iPhone.ActiveCfg = Release|Any CPU
		{F23B8FE7-E8A9-4392-B988-368084CD4754}.Ad-Hoc|iPhone.Build.0 = Release|Any CPU
		{F23B8FE7-E8A9-4392-B988-368084CD4754}.Ad-Hoc|iPhone.Deploy.0 = Release|Any CPU
		{F23B8FE7-E8A9-4392-B988-368084CD4754}.Ad-Hoc|iPhoneSimulator.ActiveCfg = Release|Any CPU
		{F23B8FE7-E8A9-4392-B988-368084CD4754}.Ad-Hoc|iPhoneSimulator.Build.0 = Release|Any CPU
		{F23B8FE7-E8A9-4392-B988-368084CD4754}.Ad-Hoc|iPhoneSimulator.Deploy.0 = Release|Any CPU
		{F23B8FE7-E8A9-4392-B988-368084CD4754}.AppStore|Any CPU.ActiveCfg = Release|Any CPU
		{F23B8FE7-E8A9-4392-B988-368084CD4754}.AppStore|Any CPU.Build.0 = Release|Any CPU
		{F23B8FE7-E8A9-4392-B988-368084CD4754}.AppStore|Any CPU.Deploy.0 = Release|Any CPU
		{F23B8FE7-E8A9-4392-B988-368084CD4754}.AppStore|iPhone.ActiveCfg = Release|Any CPU
		{F23B8FE7-E8A9-4392-B988-368084CD4754}.AppStore|iPhone.Build.0 = Release|Any CPU
		{F23B8FE7-E8A9-4392-B988-368084CD4754}.AppStore|iPhone.Deploy.0 = Release|Any CPU
		{F23B8FE7-E8A9-4392-B988-368084CD4754}.AppStore|iPhoneSimulator.ActiveCfg = Release|Any CPU
		{F23B8FE7-E8A9-4392-B988-368084CD4754}.AppStore|iPhoneSimulator.Build.0 = Release|Any CPU
		{F23B8FE7-E8A9-4392-B988-368084CD4754}.AppStore|iPhoneSimulator.Deploy.0 = Release|Any CPU
		{F23B8FE7-E8A9-4392-B988-368084CD4754}.Debug|Any CPU.ActiveCfg = Debug|Any CPU
		{F23B8FE7-E8A9-4392-B988-368084CD4754}.Debug|Any CPU.Build.0 = Debug|Any CPU
		{F23B8FE7-E8A9-4392-B988-368084CD4754}.Debug|Any CPU.Deploy.0 = Debug|Any CPU
		{F23B8FE7-E8A9-4392-B988-368084CD4754}.Debug|iPhone.ActiveCfg = Debug|Any CPU
		{F23B8FE7-E8A9-4392-B988-368084CD4754}.Debug|iPhone.Build.0 = Debug|Any CPU
		{F23B8FE7-E8A9-4392-B988-368084CD4754}.Debug|iPhone.Deploy.0 = Debug|Any CPU
		{F23B8FE7-E8A9-4392-B988-368084CD4754}.Debug|iPhoneSimulator.ActiveCfg = Debug|Any CPU
		{F23B8FE7-E8A9-4392-B988-368084CD4754}.Debug|iPhoneSimulator.Build.0 = Debug|Any CPU
		{F23B8FE7-E8A9-4392-B988-368084CD4754}.Debug|iPhoneSimulator.Deploy.0 = Debug|Any CPU
		{F23B8FE7-E8A9-4392-B988-368084CD4754}.Release|Any CPU.ActiveCfg = Release|Any CPU
		{F23B8FE7-E8A9-4392-B988-368084CD4754}.Release|Any CPU.Build.0 = Release|Any CPU
		{F23B8FE7-E8A9-4392-B988-368084CD4754}.Release|Any CPU.Deploy.0 = Release|Any CPU
		{F23B8FE7-E8A9-4392-B988-368084CD4754}.Release|iPhone.ActiveCfg = Release|Any CPU
		{F23B8FE7-E8A9-4392-B988-368084CD4754}.Release|iPhone.Build.0 = Release|Any CPU
		{F23B8FE7-E8A9-4392-B988-368084CD4754}.Release|iPhone.Deploy.0 = Release|Any CPU
		{F23B8FE7-E8A9-4392-B988-368084CD4754}.Release|iPhoneSimulator.ActiveCfg = Release|Any CPU
		{F23B8FE7-E8A9-4392-B988-368084CD4754}.Release|iPhoneSimulator.Build.0 = Release|Any CPU
		{F23B8FE7-E8A9-4392-B988-368084CD4754}.Release|iPhoneSimulator.Deploy.0 = Release|Any CPU
		{CCC20745-E633-4652-BA0C-34946301337B}.Ad-Hoc|Any CPU.ActiveCfg = Ad-Hoc|iPhone
		{CCC20745-E633-4652-BA0C-34946301337B}.Ad-Hoc|Any CPU.Build.0 = Ad-Hoc|iPhone
		{CCC20745-E633-4652-BA0C-34946301337B}.Ad-Hoc|Any CPU.Deploy.0 = Ad-Hoc|iPhone
		{CCC20745-E633-4652-BA0C-34946301337B}.Ad-Hoc|iPhone.ActiveCfg = Ad-Hoc|iPhone
		{CCC20745-E633-4652-BA0C-34946301337B}.Ad-Hoc|iPhone.Build.0 = Ad-Hoc|iPhone
		{CCC20745-E633-4652-BA0C-34946301337B}.Ad-Hoc|iPhone.Deploy.0 = Ad-Hoc|iPhone
		{CCC20745-E633-4652-BA0C-34946301337B}.Ad-Hoc|iPhoneSimulator.ActiveCfg = Ad-Hoc|iPhoneSimulator
		{CCC20745-E633-4652-BA0C-34946301337B}.Ad-Hoc|iPhoneSimulator.Build.0 = Ad-Hoc|iPhoneSimulator
		{CCC20745-E633-4652-BA0C-34946301337B}.Ad-Hoc|iPhoneSimulator.Deploy.0 = Ad-Hoc|iPhoneSimulator
		{CCC20745-E633-4652-BA0C-34946301337B}.AppStore|Any CPU.ActiveCfg = AppStore|iPhone
		{CCC20745-E633-4652-BA0C-34946301337B}.AppStore|Any CPU.Build.0 = AppStore|iPhone
		{CCC20745-E633-4652-BA0C-34946301337B}.AppStore|Any CPU.Deploy.0 = AppStore|iPhone
		{CCC20745-E633-4652-BA0C-34946301337B}.AppStore|iPhone.ActiveCfg = AppStore|iPhone
		{CCC20745-E633-4652-BA0C-34946301337B}.AppStore|iPhone.Build.0 = AppStore|iPhone
		{CCC20745-E633-4652-BA0C-34946301337B}.AppStore|iPhone.Deploy.0 = AppStore|iPhone
		{CCC20745-E633-4652-BA0C-34946301337B}.AppStore|iPhoneSimulator.ActiveCfg = AppStore|iPhoneSimulator
		{CCC20745-E633-4652-BA0C-34946301337B}.AppStore|iPhoneSimulator.Build.0 = AppStore|iPhoneSimulator
		{CCC20745-E633-4652-BA0C-34946301337B}.AppStore|iPhoneSimulator.Deploy.0 = AppStore|iPhoneSimulator
		{CCC20745-E633-4652-BA0C-34946301337B}.Debug|Any CPU.ActiveCfg = Debug|iPhoneSimulator
		{CCC20745-E633-4652-BA0C-34946301337B}.Debug|Any CPU.Build.0 = Debug|iPhoneSimulator
		{CCC20745-E633-4652-BA0C-34946301337B}.Debug|Any CPU.Deploy.0 = Debug|iPhoneSimulator
		{CCC20745-E633-4652-BA0C-34946301337B}.Debug|iPhone.ActiveCfg = Debug|iPhone
		{CCC20745-E633-4652-BA0C-34946301337B}.Debug|iPhone.Build.0 = Debug|iPhone
		{CCC20745-E633-4652-BA0C-34946301337B}.Debug|iPhone.Deploy.0 = Debug|iPhone
		{CCC20745-E633-4652-BA0C-34946301337B}.Debug|iPhoneSimulator.ActiveCfg = Debug|iPhoneSimulator
		{CCC20745-E633-4652-BA0C-34946301337B}.Debug|iPhoneSimulator.Build.0 = Debug|iPhoneSimulator
		{CCC20745-E633-4652-BA0C-34946301337B}.Debug|iPhoneSimulator.Deploy.0 = Debug|iPhoneSimulator
		{CCC20745-E633-4652-BA0C-34946301337B}.Release|Any CPU.ActiveCfg = Release|iPhone
		{CCC20745-E633-4652-BA0C-34946301337B}.Release|Any CPU.Build.0 = Release|iPhone
		{CCC20745-E633-4652-BA0C-34946301337B}.Release|Any CPU.Deploy.0 = Release|iPhone
		{CCC20745-E633-4652-BA0C-34946301337B}.Release|iPhone.ActiveCfg = Release|iPhone
		{CCC20745-E633-4652-BA0C-34946301337B}.Release|iPhone.Build.0 = Release|iPhone
		{CCC20745-E633-4652-BA0C-34946301337B}.Release|iPhone.Deploy.0 = Release|iPhone
		{CCC20745-E633-4652-BA0C-34946301337B}.Release|iPhoneSimulator.ActiveCfg = Release|iPhoneSimulator
		{CCC20745-E633-4652-BA0C-34946301337B}.Release|iPhoneSimulator.Build.0 = Release|iPhoneSimulator
		{CCC20745-E633-4652-BA0C-34946301337B}.Release|iPhoneSimulator.Deploy.0 = Release|iPhoneSimulator
		{A41C1E9E-B076-4CDE-9778-88D7D03D91E8}.Ad-Hoc|Any CPU.ActiveCfg = Debug|Any CPU
		{A41C1E9E-B076-4CDE-9778-88D7D03D91E8}.Ad-Hoc|Any CPU.Build.0 = Debug|Any CPU
		{A41C1E9E-B076-4CDE-9778-88D7D03D91E8}.Ad-Hoc|Any CPU.Deploy.0 = Debug|Any CPU
		{A41C1E9E-B076-4CDE-9778-88D7D03D91E8}.Ad-Hoc|iPhone.ActiveCfg = Debug|Any CPU
		{A41C1E9E-B076-4CDE-9778-88D7D03D91E8}.Ad-Hoc|iPhone.Build.0 = Debug|Any CPU
		{A41C1E9E-B076-4CDE-9778-88D7D03D91E8}.Ad-Hoc|iPhone.Deploy.0 = Debug|Any CPU
		{A41C1E9E-B076-4CDE-9778-88D7D03D91E8}.Ad-Hoc|iPhoneSimulator.ActiveCfg = Debug|Any CPU
		{A41C1E9E-B076-4CDE-9778-88D7D03D91E8}.Ad-Hoc|iPhoneSimulator.Build.0 = Debug|Any CPU
		{A41C1E9E-B076-4CDE-9778-88D7D03D91E8}.Ad-Hoc|iPhoneSimulator.Deploy.0 = Debug|Any CPU
		{A41C1E9E-B076-4CDE-9778-88D7D03D91E8}.AppStore|Any CPU.ActiveCfg = Debug|Any CPU
		{A41C1E9E-B076-4CDE-9778-88D7D03D91E8}.AppStore|Any CPU.Build.0 = Debug|Any CPU
		{A41C1E9E-B076-4CDE-9778-88D7D03D91E8}.AppStore|Any CPU.Deploy.0 = Debug|Any CPU
		{A41C1E9E-B076-4CDE-9778-88D7D03D91E8}.AppStore|iPhone.ActiveCfg = Debug|Any CPU
		{A41C1E9E-B076-4CDE-9778-88D7D03D91E8}.AppStore|iPhone.Build.0 = Debug|Any CPU
		{A41C1E9E-B076-4CDE-9778-88D7D03D91E8}.AppStore|iPhone.Deploy.0 = Debug|Any CPU
		{A41C1E9E-B076-4CDE-9778-88D7D03D91E8}.AppStore|iPhoneSimulator.ActiveCfg = Debug|Any CPU
		{A41C1E9E-B076-4CDE-9778-88D7D03D91E8}.AppStore|iPhoneSimulator.Build.0 = Debug|Any CPU
		{A41C1E9E-B076-4CDE-9778-88D7D03D91E8}.AppStore|iPhoneSimulator.Deploy.0 = Debug|Any CPU
		{A41C1E9E-B076-4CDE-9778-88D7D03D91E8}.Debug|Any CPU.ActiveCfg = Debug|Any CPU
		{A41C1E9E-B076-4CDE-9778-88D7D03D91E8}.Debug|Any CPU.Build.0 = Debug|Any CPU
		{A41C1E9E-B076-4CDE-9778-88D7D03D91E8}.Debug|Any CPU.Deploy.0 = Debug|Any CPU
		{A41C1E9E-B076-4CDE-9778-88D7D03D91E8}.Debug|iPhone.ActiveCfg = Debug|Any CPU
		{A41C1E9E-B076-4CDE-9778-88D7D03D91E8}.Debug|iPhone.Build.0 = Debug|Any CPU
		{A41C1E9E-B076-4CDE-9778-88D7D03D91E8}.Debug|iPhone.Deploy.0 = Debug|Any CPU
		{A41C1E9E-B076-4CDE-9778-88D7D03D91E8}.Debug|iPhoneSimulator.ActiveCfg = Debug|Any CPU
		{A41C1E9E-B076-4CDE-9778-88D7D03D91E8}.Debug|iPhoneSimulator.Build.0 = Debug|Any CPU
		{A41C1E9E-B076-4CDE-9778-88D7D03D91E8}.Debug|iPhoneSimulator.Deploy.0 = Debug|Any CPU
		{A41C1E9E-B076-4CDE-9778-88D7D03D91E8}.Release|Any CPU.ActiveCfg = Release|Any CPU
		{A41C1E9E-B076-4CDE-9778-88D7D03D91E8}.Release|Any CPU.Build.0 = Release|Any CPU
		{A41C1E9E-B076-4CDE-9778-88D7D03D91E8}.Release|Any CPU.Deploy.0 = Release|Any CPU
		{A41C1E9E-B076-4CDE-9778-88D7D03D91E8}.Release|iPhone.ActiveCfg = Release|Any CPU
		{A41C1E9E-B076-4CDE-9778-88D7D03D91E8}.Release|iPhone.Build.0 = Release|Any CPU
		{A41C1E9E-B076-4CDE-9778-88D7D03D91E8}.Release|iPhone.Deploy.0 = Release|Any CPU
		{A41C1E9E-B076-4CDE-9778-88D7D03D91E8}.Release|iPhoneSimulator.ActiveCfg = Release|Any CPU
		{A41C1E9E-B076-4CDE-9778-88D7D03D91E8}.Release|iPhoneSimulator.Build.0 = Release|Any CPU
		{A41C1E9E-B076-4CDE-9778-88D7D03D91E8}.Release|iPhoneSimulator.Deploy.0 = Release|Any CPU
	EndGlobalSection
	GlobalSection(SolutionProperties) = preSolution
		HideSolutionNode = FALSE
	EndGlobalSection
	GlobalSection(ExtensibilityGlobals) = postSolution
		SolutionGuid = {B3E0F9B7-99D8-403A-968F-1103062C2520}
	EndGlobalSection
EndGlobal
